
Microsoft Visual Studio Solution File, Format Version 12.00
# Visual Studio Version 17
VisualStudioVersion = 17.14.36401.2
MinimumVisualStudioVersion = 10.0.40219.1
Project("{F184B08F-C81C-45F6-A57F-5ABD9991F28F}") = "FLEECE", "FLEECE.vbproj", "{F49E476B-1B9F-4798-9FA5-99BB1CDB6799}"
EndProject
Project("{2150E333-8FDC-42A3-9474-1A3956D46DE8}") = "Elementos de la solución", "Elementos de la solución", "{D107F4C8-89CC-BEA8-D3D7-CA6B7733353D}"
	ProjectSection(SolutionItems) = preProject
		bin\Debug\Manual\Manual_Usuario_Fleece.pdf = bin\Debug\Manual\Manual_Usuario_Fleece.pdf
	EndProjectSection
EndProject
Global
	GlobalSection(SolutionConfigurationPlatforms) = preSolution
		Debug|Any CPU = Debug|Any CPU
		Release|Any CPU = Release|Any CPU
	EndGlobalSection
	GlobalSection(ProjectConfigurationPlatforms) = postSolution
		{F49E476B-1B9F-4798-9FA5-99BB1CDB6799}.Debug|Any CPU.ActiveCfg = Debug|Any CPU
		{F49E476B-1B9F-4798-9FA5-99BB1CDB6799}.Debug|Any CPU.Build.0 = Debug|Any CPU
		{F49E476B-1B9F-4798-9FA5-99BB1CDB6799}.Release|Any CPU.ActiveCfg = Release|Any CPU
		{F49E476B-1B9F-4798-9FA5-99BB1CDB6799}.Release|Any CPU.Build.0 = Release|Any CPU
	EndGlobalSection
	GlobalSection(SolutionProperties) = preSolution
		HideSolutionNode = FALSE
	EndGlobalSection
	GlobalSection(ExtensibilityGlobals) = postSolution
		SolutionGuid = {48096D6A-4BEC-4E33-8933-72C014D70C9A}
	EndGlobalSection
EndGlobal
